
Microsoft Visual Studio Solution File, Format Version 12.00
# Visual Studio Version 17
VisualStudioVersion = 17.7.34031.279
MinimumVisualStudioVersion = 10.0.40219.1
Project("{FAE04EC0-301F-11D3-BF4B-00C04F79EFBC}") = "PRACTICA 13", "PRACTICA 13.csproj", "{BAA2639E-654E-48F7-BA1F-D6C1F6016E99}"
EndProject
Global
	GlobalSection(SolutionConfigurationPlatforms) = preSolution
		Debug|Any CPU = Debug|Any CPU
		Release|Any CPU = Release|Any CPU
	EndGlobalSection
	GlobalSection(ProjectConfigurationPlatforms) = postSolution
		{BAA2639E-654E-48F7-BA1F-D6C1F6016E99}.Debug|Any CPU.ActiveCfg = Debug|Any CPU
		{BAA2639E-654E-48F7-BA1F-D6C1F6016E99}.Debug|Any CPU.Build.0 = Debug|Any CPU
		{BAA2639E-654E-48F7-BA1F-D6C1F6016E99}.Release|Any CPU.ActiveCfg = Release|Any CPU
		{BAA2639E-654E-48F7-BA1F-D6C1F6016E99}.Release|Any CPU.Build.0 = Release|Any CPU
	EndGlobalSection
	GlobalSection(SolutionProperties) = preSolution
		HideSolutionNode = FALSE
	EndGlobalSection
	GlobalSection(ExtensibilityGlobals) = postSolution
		SolutionGuid = {4B7AF21A-4A31-49CD-945B-1D81AA820BCA}
	EndGlobalSection
EndGlobal
