
Microsoft Visual Studio Solution File, Format Version 12.00
# Visual Studio Version 17
VisualStudioVersion = 17.14.36603.0 d17.14
MinimumVisualStudioVersion = 10.0.40219.1
Project("{FAE04EC0-301F-11D3-BF4B-00C04F79EFBC}") = "WinFormsApp1", "WinFormsApp1.csproj", "{EE62DD4D-0BA2-4DBD-A62C-D4894AECC671}"
EndProject
Global
	GlobalSection(SolutionConfigurationPlatforms) = preSolution
		Debug|Any CPU = Debug|Any CPU
		Release|Any CPU = Release|Any CPU
	EndGlobalSection
	GlobalSection(ProjectConfigurationPlatforms) = postSolution
		{EE62DD4D-0BA2-4DBD-A62C-D4894AECC671}.Debug|Any CPU.ActiveCfg = Debug|Any CPU
		{EE62DD4D-0BA2-4DBD-A62C-D4894AECC671}.Debug|Any CPU.Build.0 = Debug|Any CPU
		{EE62DD4D-0BA2-4DBD-A62C-D4894AECC671}.Release|Any CPU.ActiveCfg = Release|Any CPU
		{EE62DD4D-0BA2-4DBD-A62C-D4894AECC671}.Release|Any CPU.Build.0 = Release|Any CPU
	EndGlobalSection
	GlobalSection(SolutionProperties) = preSolution
		HideSolutionNode = FALSE
	EndGlobalSection
	GlobalSection(ExtensibilityGlobals) = postSolution
		SolutionGuid = {9819F1DA-8308-4E42-B596-2F6A08858E23}
	EndGlobalSection
EndGlobal
